// !$*UTF8*$!
{
	archiveVersion = 1;
	classes = {
	};
	objectVersion = 46;
	objects = {

/* Begin PBXBuildFile section */
		009741AF17321F69004D253F /* UIKit.framework in Frameworks */ = {isa = PBXBuildFile; fileRef = 009741AE17321F69004D253F /* UIKit.framework */; };
		009741B117321F69004D253F /* Foundation.framework in Frameworks */ = {isa = PBXBuildFile; fileRef = 009741B017321F69004D253F /* Foundation.framework */; };
		009741B317321F69004D253F /* CoreGraphics.framework in Frameworks */ = {isa = PBXBuildFile; fileRef = 009741B217321F69004D253F /* CoreGraphics.framework */; };
		009741B917321F6A004D253F /* InfoPlist.strings in Resources */ = {isa = PBXBuildFile; fileRef = 009741B717321F6A004D253F /* InfoPlist.strings */; };
		009741BB17321F6A004D253F /* main.m in Sources */ = {isa = PBXBuildFile; fileRef = 009741BA17321F6A004D253F /* main.m */; };
		009741BF17321F6A004D253F /* MicBlowAppDelegate.m in Sources */ = {isa = PBXBuildFile; fileRef = 009741BE17321F6A004D253F /* MicBlowAppDelegate.m */; };
		009741C117321F6A004D253F /* Default.png in Resources */ = {isa = PBXBuildFile; fileRef = 009741C017321F6A004D253F /* Default.png */; };
		009741C317321F6A004D253F /* Default@2x.png in Resources */ = {isa = PBXBuildFile; fileRef = 009741C217321F6A004D253F /* Default@2x.png */; };
		009741C517321F6A004D253F /* Default-568h@2x.png in Resources */ = {isa = PBXBuildFile; fileRef = 009741C417321F6A004D253F /* Default-568h@2x.png */; };
		009741C817321F6A004D253F /* MainStoryboard.storyboard in Resources */ = {isa = PBXBuildFile; fileRef = 009741C617321F6A004D253F /* MainStoryboard.storyboard */; };
		009741CB17321F6A004D253F /* MicBlowViewController.m in Sources */ = {isa = PBXBuildFile; fileRef = 009741CA17321F6A004D253F /* MicBlowViewController.m */; };
/* End PBXBuildFile section */

/* Begin PBXFileReference section */
		009741AB17321F69004D253F /* MicBlow.app */ = {isa = PBXFileReference; explicitFileType = wrapper.application; includeInIndex = 0; path = MicBlow.app; sourceTree = BUILT_PRODUCTS_DIR; };
		009741AE17321F69004D253F /* UIKit.framework */ = {isa = PBXFileReference; lastKnownFileType = wrapper.framework; name = UIKit.framework; path = System/Library/Frameworks/UIKit.framework; sourceTree = SDKROOT; };
		009741B017321F69004D253F /* Foundation.framework */ = {isa = PBXFileReference; lastKnownFileType = wrapper.framework; name = Foundation.framework; path = System/Library/Frameworks/Foundation.framework; sourceTree = SDKROOT; };
		009741B217321F69004D253F /* CoreGraphics.framework */ = {isa = PBXFileReference; lastKnownFileType = wrapper.framework; name = CoreGraphics.framework; path = System/Library/Frameworks/CoreGraphics.framework; sourceTree = SDKROOT; };
		009741B617321F69004D253F /* MicBlow-Info.plist */ = {isa = PBXFileReference; lastKnownFileType = text.plist.xml; path = "MicBlow-Info.plist"; sourceTree = "<group>"; };
		009741B817321F6A004D253F /* en */ = {isa = PBXFileReference; lastKnownFileType = text.plist.strings; name = en; path = en.lproj/InfoPlist.strings; sourceTree = "<group>"; };
		009741BA17321F6A004D253F /* main.m */ = {isa = PBXFileReference; lastKnownFileType = sourcecode.c.objc; path = main.m; sourceTree = "<group>"; };
		009741BC17321F6A004D253F /* MicBlow-Prefix.pch */ = {isa = PBXFileReference; lastKnownFileType = sourcecode.c.h; path = "MicBlow-Prefix.pch"; sourceTree = "<group>"; };
		009741BD17321F6A004D253F /* MicBlowAppDelegate.h */ = {isa = PBXFileReference; lastKnownFileType = sourcecode.c.h; path = MicBlowAppDelegate.h; sourceTree = "<group>"; };
		009741BE17321F6A004D253F /* MicBlowAppDelegate.m */ = {isa = PBXFileReference; lastKnownFileType = sourcecode.c.objc; path = MicBlowAppDelegate.m; sourceTree = "<group>"; };
		009741C017321F6A004D253F /* Default.png */ = {isa = PBXFileReference; lastKnownFileType = image.png; path = Default.png; sourceTree = "<group>"; };
		009741C217321F6A004D253F /* Default@2x.png */ = {isa = PBXFileReference; lastKnownFileType = image.png; path = "Default@2x.png"; sourceTree = "<group>"; };
		009741C417321F6A004D253F /* Default-568h@2x.png */ = {isa = PBXFileReference; lastKnownFileType = image.png; path = "Default-568h@2x.png"; sourceTree = "<group>"; };
		009741C717321F6A004D253F /* en */ = {isa = PBXFileReference; lastKnownFileType = file.storyboard; name = en; path = en.lproj/MainStoryboard.storyboard; sourceTree = "<group>"; };
		009741C917321F6A004D253F /* MicBlowViewController.h */ = {isa = PBXFileReference; lastKnownFileType = sourcecode.c.h; path = MicBlowViewController.h; sourceTree = "<group>"; };
		009741CA17321F6A004D253F /* MicBlowViewController.m */ = {isa = PBXFileReference; lastKnownFileType = sourcecode.c.objc; path = MicBlowViewController.m; sourceTree = "<group>"; };
/* End PBXFileReference section */

/* Begin PBXFrameworksBuildPhase section */
		009741A817321F69004D253F /* Frameworks */ = {
			isa = PBXFrameworksBuildPhase;
			buildActionMask = 2147483647;
			files = (
				009741AF17321F69004D253F /* UIKit.framework in Frameworks */,
				009741B117321F69004D253F /* Foundation.framework in Frameworks */,
				009741B317321F69004D253F /* CoreGraphics.framework in Frameworks */,
			);
			runOnlyForDeploymentPostprocessing = 0;
		};
/* End PBXFrameworksBuildPhase section */

/* Begin PBXGroup section */
		009741A217321F69004D253F = {
			isa = PBXGroup;
			children = (
				009741B417321F69004D253F /* MicBlow */,
				009741AD17321F69004D253F /* Frameworks */,
				009741AC17321F69004D253F /* Products */,
			);
			sourceTree = "<group>";
		};
		009741AC17321F69004D253F /* Products */ = {
			isa = PBXGroup;
			children = (
				009741AB17321F69004D253F /* MicBlow.app */,
			);
			name = Products;
			sourceTree = "<group>";
		};
		009741AD17321F69004D253F /* Frameworks */ = {
			isa = PBXGroup;
			children = (
				009741AE17321F69004D253F /* UIKit.framework */,
				009741B017321F69004D253F /* Foundation.framework */,
				009741B217321F69004D253F /* CoreGraphics.framework */,
			);
			name = Frameworks;
			sourceTree = "<group>";
		};
		009741B417321F69004D253F /* MicBlow */ = {
			isa = PBXGroup;
			children = (
				009741BD17321F6A004D253F /* MicBlowAppDelegate.h */,
				009741BE17321F6A004D253F /* MicBlowAppDelegate.m */,
				009741C617321F6A004D253F /* MainStoryboard.storyboard */,
				009741C917321F6A004D253F /* MicBlowViewController.h */,
				009741CA17321F6A004D253F /* MicBlowViewController.m */,
				009741B517321F69004D253F /* Supporting Files */,
			);
			path = MicBlow;
			sourceTree = "<group>";
		};
		009741B517321F69004D253F /* Supporting Files */ = {
			isa = PBXGroup;
			children = (
				009741B617321F69004D253F /* MicBlow-Info.plist */,
				009741B717321F6A004D253F /* InfoPlist.strings */,
				009741BA17321F6A004D253F /* main.m */,
				009741BC17321F6A004D253F /* MicBlow-Prefix.pch */,
				009741C017321F6A004D253F /* Default.png */,
				009741C217321F6A004D253F /* Default@2x.png */,
				009741C417321F6A004D253F /* Default-568h@2x.png */,
			);
			name = "Supporting Files";
			sourceTree = "<group>";
		};
/* End PBXGroup section */

/* Begin PBXNativeTarget section */
		009741AA17321F69004D253F /* MicBlow */ = {
			isa = PBXNativeTarget;
			buildConfigurationList = 009741CE17321F6A004D253F /* Build configuration list for PBXNativeTarget "MicBlow" */;
			buildPhases = (
				009741A717321F69004D253F /* Sources */,
				009741A817321F69004D253F /* Frameworks */,
				009741A917321F69004D253F /* Resources */,
			);
			buildRules = (
			);
			dependencies = (
			);
			name = MicBlow;
			productName = MicBlow;
			productReference = 009741AB17321F69004D253F /* MicBlow.app */;
			productType = "com.apple.product-type.application";
		};
/* End PBXNativeTarget section */

/* Begin PBXProject section */
		009741A317321F69004D253F /* Project object */ = {
			isa = PBXProject;
			attributes = {
				CLASSPREFIX = MicBlow;
				LastUpgradeCheck = 0460;
				ORGANIZATIONNAME = cellcity;
			};
			buildConfigurationList = 009741A617321F69004D253F /* Build configuration list for PBXProject "MicBlow" */;
			compatibilityVersion = "Xcode 3.2";
			developmentRegion = English;
			hasScannedForEncodings = 0;
			knownRegions = (
				en,
			);
			mainGroup = 009741A217321F69004D253F;
			productRefGroup = 009741AC17321F69004D253F /* Products */;
			projectDirPath = "";
			projectRoot = "";
			targets = (
				009741AA17321F69004D253F /* MicBlow */,
			);
		};
/* End PBXProject section */

/* Begin PBXResourcesBuildPhase section */
		009741A917321F69004D253F /* Resources */ = {
			isa = PBXResourcesBuildPhase;
			buildActionMask = 2147483647;
			files = (
				009741B917321F6A004D253F /* InfoPlist.strings in Resources */,
				009741C117321F6A004D253F /* Default.png in Resources */,
				009741C317321F6A004D253F /* Default@2x.png in Resources */,
				009741C517321F6A004D253F /* Default-568h@2x.png in Resources */,
				009741C817321F6A004D253F /* MainStoryboard.storyboard in Resources */,
			);
			runOnlyForDeploymentPostprocessing = 0;
		};
/* End PBXResourcesBuildPhase section */

/* Begin PBXSourcesBuildPhase section */
		009741A717321F69004D253F /* Sources */ = {
			isa = PBXSourcesBuildPhase;
			buildActionMask = 2147483647;
			files = (
				009741BB17321F6A004D253F /* main.m in Sources */,
				009741BF17321F6A004D253F /* MicBlowAppDelegate.m in Sources */,
				009741CB17321F6A004D253F /* MicBlowViewController.m in Sources */,
			);
			runOnlyForDeploymentPostprocessing = 0;
		};
/* End PBXSourcesBuildPhase section */

/* Begin PBXVariantGroup section */
		009741B717321F6A004D253F /* InfoPlist.strings */ = {
			isa = PBXVariantGroup;
			children = (
				009741B817321F6A004D253F /* en */,
			);
			name = InfoPlist.strings;
			sourceTree = "<group>";
		};
		009741C617321F6A004D253F /* MainStoryboard.storyboard */ = {
			isa = PBXVariantGroup;
			children = (
				009741C717321F6A004D253F /* en */,
			);
			name = MainStoryboard.storyboard;
			sourceTree = "<group>";
		};
/* End PBXVariantGroup section */

/* Begin XCBuildConfiguration section */
		009741CC17321F6A004D253F /* Debug */ = {
			isa = XCBuildConfiguration;
			buildSettings = {
				ALWAYS_SEARCH_USER_PATHS = NO;
				CLANG_CXX_LANGUAGE_STANDARD = "gnu++0x";
				CLANG_CXX_LIBRARY = "libc++";
				CLANG_WARN_CONSTANT_CONVERSION = YES;
				CLANG_WARN_EMPTY_BODY = YES;
				CLANG_WARN_ENUM_CONVERSION = YES;
				CLANG_WARN_INT_CONVERSION = YES;
				CLANG_WARN__DUPLICATE_METHOD_MATCH = YES;
				"CODE_SIGN_IDENTITY[sdk=iphoneos*]" = "iPhone Developer";
				COPY_PHASE_STRIP = NO;
				GCC_C_LANGUAGE_STANDARD = gnu99;
				GCC_DYNAMIC_NO_PIC = NO;
				GCC_OPTIMIZATION_LEVEL = 0;
				GCC_PREPROCESSOR_DEFINITIONS = (
					"DEBUG=1",
					"$(inherited)",
				);
				GCC_SYMBOLS_PRIVATE_EXTERN = NO;
				GCC_WARN_ABOUT_RETURN_TYPE = YES;
				GCC_WARN_UNINITIALIZED_AUTOS = YES;
				GCC_WARN_UNUSED_VARIABLE = YES;
				IPHONEOS_DEPLOYMENT_TARGET = 6.1;
				ONLY_ACTIVE_ARCH = YES;
				SDKROOT = iphoneos;
			};
			name = Debug;
		};
		009741CD17321F6A004D253F /* Release */ = {
			isa = XCBuildConfiguration;
			buildSettings = {
				ALWAYS_SEARCH_USER_PATHS = NO;
				CLANG_CXX_LANGUAGE_STANDARD = "gnu++0x";
				CLANG_CXX_LIBRARY = "libc++";
				CLANG_WARN_CONSTANT_CONVERSION = YES;
				CLANG_WARN_EMPTY_BODY = YES;
				CLANG_WARN_ENUM_CONVERSION = YES;
				CLANG_WARN_INT_CONVERSION = YES;
				CLANG_WARN__DUPLICATE_METHOD_MATCH = YES;
				"CODE_SIGN_IDENTITY[sdk=iphoneos*]" = "iPhone Developer";
				COPY_PHASE_STRIP = YES;
				GCC_C_LANGUAGE_STANDARD = gnu99;
				GCC_WARN_ABOUT_RETURN_TYPE = YES;
				GCC_WARN_UNINITIALIZED_AUTOS = YES;
				GCC_WARN_UNUSED_VARIABLE = YES;
				IPHONEOS_DEPLOYMENT_TARGET = 6.1;
				OTHER_CFLAGS = "-DNS_BLOCK_ASSERTIONS=1";
				SDKROOT = iphoneos;
				VALIDATE_PRODUCT = YES;
			};
			name = Release;
		};
		009741CF17321F6A004D253F /* Debug */ = {
			isa = XCBuildConfiguration;
			buildSettings = {
				GCC_PRECOMPILE_PREFIX_HEADER = YES;
				GCC_PREFIX_HEADER = "MicBlow/MicBlow-Prefix.pch";
				INFOPLIST_FILE = "MicBlow/MicBlow-Info.plist";
				PRODUCT_NAME = "$(TARGET_NAME)";
				WRAPPER_EXTENSION = app;
			};
			name = Debug;
		};
		009741D017321F6A004D253F /* Release */ = {
			isa = XCBuildConfiguration;
			buildSettings = {
				GCC_PRECOMPILE_PREFIX_HEADER = YES;
				GCC_PREFIX_HEADER = "MicBlow/MicBlow-Prefix.pch";
				INFOPLIST_FILE = "MicBlow/MicBlow-Info.plist";
				PRODUCT_NAME = "$(TARGET_NAME)";
				WRAPPER_EXTENSION = app;
			};
			name = Release;
		};
/* End XCBuildConfiguration section */

/* Begin XCConfigurationList section */
		009741A617321F69004D253F /* Build configuration list for PBXProject "MicBlow" */ = {
			isa = XCConfigurationList;
			buildConfigurations = (
				009741CC17321F6A004D253F /* Debug */,
				009741CD17321F6A004D253F /* Release */,
			);
			defaultConfigurationIsVisible = 0;
			defaultConfigurationName = Release;
		};
		009741CE17321F6A004D253F /* Build configuration list for PBXNativeTarget "MicBlow" */ = {
			isa = XCConfigurationList;
			buildConfigurations = (
				009741CF17321F6A004D253F /* Debug */,
				009741D017321F6A004D253F /* Release */,
			);
			defaultConfigurationIsVisible = 0;
		};
/* End XCConfigurationList section */
	};
	rootObject = 009741A317321F69004D253F /* Project object */;
}
